# THIS IS AN AUTOGENERATED FILE. DO NOT EDIT THIS FILE DIRECTLY.
# yarn lockfile v1


discord-api-types@^0.37.0:
  version "0.37.0"
  resolved "https://registry.yarnpkg.com/discord-api-types/-/discord-api-types-0.37.0.tgz#c16f0bcc5630edc2b0597d8f273ec8385473a3be"
  integrity sha512-6LlL0xceiZs/kQ5PeKe5inkcjR73vagt3oACsP/C5IWKjXfzLGKrXn6yRYgiHIeJyFZ1xVPRJYE4W/u8UTT4ig==
